// !$*UTF8*$!
{
	archiveVersion = 1;
	classes = {
	};
	objectVersion = 46;
	objects = {

/* Begin PBXBuildFile section */
		A01E2A4718924AA400C84F01 /* Foundation.framework in Frameworks */ = {isa = PBXBuildFile; fileRef = A01E2A4618924AA400C84F01 /* Foundation.framework */; };
		A01E2A4918924AA400C84F01 /* CoreGraphics.framework in Frameworks */ = {isa = PBXBuildFile; fileRef = A01E2A4818924AA400C84F01 /* CoreGraphics.framework */; };
		A01E2A4B18924AA400C84F01 /* UIKit.framework in Frameworks */ = {isa = PBXBuildFile; fileRef = A01E2A4A18924AA400C84F01 /* UIKit.framework */; };
		A01E2A5118924AA400C84F01 /* InfoPlist.strings in Resources */ = {isa = PBXBuildFile; fileRef = A01E2A4F18924AA400C84F01 /* InfoPlist.strings */; };
		A01E2A5318924AA400C84F01 /* main.m in Sources */ = {isa = PBXBuildFile; fileRef = A01E2A5218924AA400C84F01 /* main.m */; };
		A01E2A5718924AA400C84F01 /* FVAppDelegate.m in Sources */ = {isa = PBXBuildFile; fileRef = A01E2A5618924AA400C84F01 /* FVAppDelegate.m */; };
		A01E2A5D18924AA400C84F01 /* FVViewController.m in Sources */ = {isa = PBXBuildFile; fileRef = A01E2A5C18924AA400C84F01 /* FVViewController.m */; };
		A01E2A5F18924AA400C84F01 /* Images.xcassets in Resources */ = {isa = PBXBuildFile; fileRef = A01E2A5E18924AA400C84F01 /* Images.xcassets */; };
		A01E2A6618924AA400C84F01 /* XCTest.framework in Frameworks */ = {isa = PBXBuildFile; fileRef = A01E2A6518924AA400C84F01 /* XCTest.framework */; };
		A01E2A6718924AA400C84F01 /* Foundation.framework in Frameworks */ = {isa = PBXBuildFile; fileRef = A01E2A4618924AA400C84F01 /* Foundation.framework */; };
		A01E2A6818924AA400C84F01 /* UIKit.framework in Frameworks */ = {isa = PBXBuildFile; fileRef = A01E2A4A18924AA400C84F01 /* UIKit.framework */; };
		A01E2A7018924AA400C84F01 /* InfoPlist.strings in Resources */ = {isa = PBXBuildFile; fileRef = A01E2A6E18924AA400C84F01 /* InfoPlist.strings */; };
		A01E2A7218924AA400C84F01 /* FOVETests.m in Sources */ = {isa = PBXBuildFile; fileRef = A01E2A7118924AA400C84F01 /* FOVETests.m */; };
		A01E2A8018924BD900C84F01 /* FacebookSDK.framework in Frameworks */ = {isa = PBXBuildFile; fileRef = A01E2A7F18924BD900C84F01 /* FacebookSDK.framework */; };
		A04ACB17189749AC00587F34 /* FVProfileViewController.m in Sources */ = {isa = PBXBuildFile; fileRef = A04ACB16189749AC00587F34 /* FVProfileViewController.m */; };
		A05CC08118968BAA00C0D562 /* WindowsAzureMessaging.framework in Frameworks */ = {isa = PBXBuildFile; fileRef = A05CC07F18968BAA00C0D562 /* WindowsAzureMessaging.framework */; };
		A05CC08218968BAA00C0D562 /* WindowsAzureMobileServices.framework in Frameworks */ = {isa = PBXBuildFile; fileRef = A05CC08018968BAA00C0D562 /* WindowsAzureMobileServices.framework */; };
		A09943E4189BDA4F00782AEE /* CoreLocation.framework in Frameworks */ = {isa = PBXBuildFile; fileRef = A09943E3189BDA4F00782AEE /* CoreLocation.framework */; };
		A0B6CD081897F31300AFC61C /* FoveStoryboard.storyboard in Resources */ = {isa = PBXBuildFile; fileRef = A0B6CD071897F31300AFC61C /* FoveStoryboard.storyboard */; };
		A0B6CD0E1898093E00AFC61C /* FVSettingViewController.m in Sources */ = {isa = PBXBuildFile; fileRef = A0B6CD0D1898093E00AFC61C /* FVSettingViewController.m */; };
/* End PBXBuildFile section */

/* Begin PBXContainerItemProxy section */
		A01E2A6918924AA400C84F01 /* PBXContainerItemProxy */ = {
			isa = PBXContainerItemProxy;
			containerPortal = A01E2A3B18924AA400C84F01 /* Project object */;
			proxyType = 1;
			remoteGlobalIDString = A01E2A4218924AA400C84F01;
			remoteInfo = FOVE;
		};
/* End PBXContainerItemProxy section */

/* Begin PBXFileReference section */
		A01E2A4318924AA400C84F01 /* FOVE.app */ = {isa = PBXFileReference; explicitFileType = wrapper.application; includeInIndex = 0; path = FOVE.app; sourceTree = BUILT_PRODUCTS_DIR; };
		A01E2A4618924AA400C84F01 /* Foundation.framework */ = {isa = PBXFileReference; lastKnownFileType = wrapper.framework; name = Foundation.framework; path = System/Library/Frameworks/Foundation.framework; sourceTree = SDKROOT; };
		A01E2A4818924AA400C84F01 /* CoreGraphics.framework */ = {isa = PBXFileReference; lastKnownFileType = wrapper.framework; name = CoreGraphics.framework; path = System/Library/Frameworks/CoreGraphics.framework; sourceTree = SDKROOT; };
		A01E2A4A18924AA400C84F01 /* UIKit.framework */ = {isa = PBXFileReference; lastKnownFileType = wrapper.framework; name = UIKit.framework; path = System/Library/Frameworks/UIKit.framework; sourceTree = SDKROOT; };
		A01E2A4E18924AA400C84F01 /* FOVE-Info.plist */ = {isa = PBXFileReference; lastKnownFileType = text.plist.xml; path = "FOVE-Info.plist"; sourceTree = "<group>"; };
		A01E2A5018924AA400C84F01 /* en */ = {isa = PBXFileReference; lastKnownFileType = text.plist.strings; name = en; path = en.lproj/InfoPlist.strings; sourceTree = "<group>"; };
		A01E2A5218924AA400C84F01 /* main.m */ = {isa = PBXFileReference; lastKnownFileType = sourcecode.c.objc; path = main.m; sourceTree = "<group>"; };
		A01E2A5418924AA400C84F01 /* FOVE-Prefix.pch */ = {isa = PBXFileReference; lastKnownFileType = sourcecode.c.h; path = "FOVE-Prefix.pch"; sourceTree = "<group>"; };
		A01E2A5518924AA400C84F01 /* FVAppDelegate.h */ = {isa = PBXFileReference; lastKnownFileType = sourcecode.c.h; path = FVAppDelegate.h; sourceTree = "<group>"; };
		A01E2A5618924AA400C84F01 /* FVAppDelegate.m */ = {isa = PBXFileReference; lastKnownFileType = sourcecode.c.objc; path = FVAppDelegate.m; sourceTree = "<group>"; };
		A01E2A5B18924AA400C84F01 /* FVViewController.h */ = {isa = PBXFileReference; lastKnownFileType = sourcecode.c.h; path = FVViewController.h; sourceTree = "<group>"; };
		A01E2A5C18924AA400C84F01 /* FVViewController.m */ = {isa = PBXFileReference; lastKnownFileType = sourcecode.c.objc; path = FVViewController.m; sourceTree = "<group>"; };
		A01E2A5E18924AA400C84F01 /* Images.xcassets */ = {isa = PBXFileReference; lastKnownFileType = folder.assetcatalog; path = Images.xcassets; sourceTree = "<group>"; };
		A01E2A6418924AA400C84F01 /* FOVETests.xctest */ = {isa = PBXFileReference; explicitFileType = wrapper.cfbundle; includeInIndex = 0; path = FOVETests.xctest; sourceTree = BUILT_PRODUCTS_DIR; };
		A01E2A6518924AA400C84F01 /* XCTest.framework */ = {isa = PBXFileReference; lastKnownFileType = wrapper.framework; name = XCTest.framework; path = Library/Frameworks/XCTest.framework; sourceTree = DEVELOPER_DIR; };
		A01E2A6D18924AA400C84F01 /* FOVETests-Info.plist */ = {isa = PBXFileReference; lastKnownFileType = text.plist.xml; path = "FOVETests-Info.plist"; sourceTree = "<group>"; };
		A01E2A6F18924AA400C84F01 /* en */ = {isa = PBXFileReference; lastKnownFileType = text.plist.strings; name = en; path = en.lproj/InfoPlist.strings; sourceTree = "<group>"; };
		A01E2A7118924AA400C84F01 /* FOVETests.m */ = {isa = PBXFileReference; lastKnownFileType = sourcecode.c.objc; path = FOVETests.m; sourceTree = "<group>"; };
		A01E2A7F18924BD900C84F01 /* FacebookSDK.framework */ = {isa = PBXFileReference; lastKnownFileType = wrapper.framework; name = FacebookSDK.framework; path = ../../../../Documents/FacebookSDK/FacebookSDK.framework; sourceTree = "<group>"; };
		A04ACB15189749AC00587F34 /* FVProfileViewController.h */ = {isa = PBXFileReference; fileEncoding = 4; lastKnownFileType = sourcecode.c.h; name = FVProfileViewController.h; path = Controller/FVProfileViewController.h; sourceTree = "<group>"; };
		A04ACB16189749AC00587F34 /* FVProfileViewController.m */ = {isa = PBXFileReference; fileEncoding = 4; lastKnownFileType = sourcecode.c.objc; name = FVProfileViewController.m; path = Controller/FVProfileViewController.m; sourceTree = "<group>"; };
		A05CC07F18968BAA00C0D562 /* WindowsAzureMessaging.framework */ = {isa = PBXFileReference; lastKnownFileType = wrapper.framework; path = WindowsAzureMessaging.framework; sourceTree = "<group>"; };
		A05CC08018968BAA00C0D562 /* WindowsAzureMobileServices.framework */ = {isa = PBXFileReference; lastKnownFileType = wrapper.framework; path = WindowsAzureMobileServices.framework; sourceTree = "<group>"; };
		A09943E3189BDA4F00782AEE /* CoreLocation.framework */ = {isa = PBXFileReference; lastKnownFileType = wrapper.framework; name = CoreLocation.framework; path = System/Library/Frameworks/CoreLocation.framework; sourceTree = SDKROOT; };
		A0B6CD071897F31300AFC61C /* FoveStoryboard.storyboard */ = {isa = PBXFileReference; fileEncoding = 4; lastKnownFileType = file.storyboard; name = FoveStoryboard.storyboard; path = ../FoveStoryboard.storyboard; sourceTree = "<group>"; };
		A0B6CD0C1898093E00AFC61C /* FVSettingViewController.h */ = {isa = PBXFileReference; fileEncoding = 4; lastKnownFileType = sourcecode.c.h; name = FVSettingViewController.h; path = Controller/FVSettingViewController.h; sourceTree = "<group>"; };
		A0B6CD0D1898093E00AFC61C /* FVSettingViewController.m */ = {isa = PBXFileReference; fileEncoding = 4; lastKnownFileType = sourcecode.c.objc; name = FVSettingViewController.m; path = Controller/FVSettingViewController.m; sourceTree = "<group>"; };
/* End PBXFileReference section */

/* Begin PBXFrameworksBuildPhase section */
		A01E2A4018924AA400C84F01 /* Frameworks */ = {
			isa = PBXFrameworksBuildPhase;
			buildActionMask = 2147483647;
			files = (
				A09943E4189BDA4F00782AEE /* CoreLocation.framework in Frameworks */,
				A05CC08218968BAA00C0D562 /* WindowsAzureMobileServices.framework in Frameworks */,
				A01E2A4918924AA400C84F01 /* CoreGraphics.framework in Frameworks */,
				A01E2A8018924BD900C84F01 /* FacebookSDK.framework in Frameworks */,
				A01E2A4B18924AA400C84F01 /* UIKit.framework in Frameworks */,
				A05CC08118968BAA00C0D562 /* WindowsAzureMessaging.framework in Frameworks */,
				A01E2A4718924AA400C84F01 /* Foundation.framework in Frameworks */,
			);
			runOnlyForDeploymentPostprocessing = 0;
		};
		A01E2A6118924AA400C84F01 /* Frameworks */ = {
			isa = PBXFrameworksBuildPhase;
			buildActionMask = 2147483647;
			files = (
				A01E2A6618924AA400C84F01 /* XCTest.framework in Frameworks */,
				A01E2A6818924AA400C84F01 /* UIKit.framework in Frameworks */,
				A01E2A6718924AA400C84F01 /* Foundation.framework in Frameworks */,
			);
			runOnlyForDeploymentPostprocessing = 0;
		};
/* End PBXFrameworksBuildPhase section */

/* Begin PBXGroup section */
		A01E2A3A18924AA400C84F01 = {
			isa = PBXGroup;
			children = (
				A01E2A4C18924AA400C84F01 /* FOVE */,
				A01E2A6B18924AA400C84F01 /* FOVETests */,
				A01E2A4518924AA400C84F01 /* Frameworks */,
				A01E2A4418924AA400C84F01 /* Products */,
			);
			sourceTree = "<group>";
		};
		A01E2A4418924AA400C84F01 /* Products */ = {
			isa = PBXGroup;
			children = (
				A01E2A4318924AA400C84F01 /* FOVE.app */,
				A01E2A6418924AA400C84F01 /* FOVETests.xctest */,
			);
			name = Products;
			sourceTree = "<group>";
		};
		A01E2A4518924AA400C84F01 /* Frameworks */ = {
			isa = PBXGroup;
			children = (
				A09943E3189BDA4F00782AEE /* CoreLocation.framework */,
				A05CC07E18968BAA00C0D562 /* AzureSDK-iOS */,
				A01E2A7F18924BD900C84F01 /* FacebookSDK.framework */,
				A01E2A4618924AA400C84F01 /* Foundation.framework */,
				A01E2A4818924AA400C84F01 /* CoreGraphics.framework */,
				A01E2A4A18924AA400C84F01 /* UIKit.framework */,
				A01E2A6518924AA400C84F01 /* XCTest.framework */,
			);
			name = Frameworks;
			sourceTree = "<group>";
		};
		A01E2A4C18924AA400C84F01 /* FOVE */ = {
			isa = PBXGroup;
			children = (
				A0B6CD071897F31300AFC61C /* FoveStoryboard.storyboard */,
				A0B6CD0C1898093E00AFC61C /* FVSettingViewController.h */,
				A0B6CD0D1898093E00AFC61C /* FVSettingViewController.m */,
				A01E2A5518924AA400C84F01 /* FVAppDelegate.h */,
				A01E2A5618924AA400C84F01 /* FVAppDelegate.m */,
				A04ACB15189749AC00587F34 /* FVProfileViewController.h */,
				A04ACB16189749AC00587F34 /* FVProfileViewController.m */,
				A01E2A5B18924AA400C84F01 /* FVViewController.h */,
				A01E2A5C18924AA400C84F01 /* FVViewController.m */,
				A01E2A5E18924AA400C84F01 /* Images.xcassets */,
				A01E2A4D18924AA400C84F01 /* Supporting Files */,
			);
			path = FOVE;
			sourceTree = "<group>";
		};
		A01E2A4D18924AA400C84F01 /* Supporting Files */ = {
			isa = PBXGroup;
			children = (
				A01E2A4E18924AA400C84F01 /* FOVE-Info.plist */,
				A01E2A4F18924AA400C84F01 /* InfoPlist.strings */,
				A01E2A5218924AA400C84F01 /* main.m */,
				A01E2A5418924AA400C84F01 /* FOVE-Prefix.pch */,
			);
			name = "Supporting Files";
			sourceTree = "<group>";
		};
		A01E2A6B18924AA400C84F01 /* FOVETests */ = {
			isa = PBXGroup;
			children = (
				A01E2A7118924AA400C84F01 /* FOVETests.m */,
				A01E2A6C18924AA400C84F01 /* Supporting Files */,
			);
			path = FOVETests;
			sourceTree = "<group>";
		};
		A01E2A6C18924AA400C84F01 /* Supporting Files */ = {
			isa = PBXGroup;
			children = (
				A01E2A6D18924AA400C84F01 /* FOVETests-Info.plist */,
				A01E2A6E18924AA400C84F01 /* InfoPlist.strings */,
			);
			name = "Supporting Files";
			sourceTree = "<group>";
		};
		A05CC07E18968BAA00C0D562 /* AzureSDK-iOS */ = {
			isa = PBXGroup;
			children = (
				A05CC07F18968BAA00C0D562 /* WindowsAzureMessaging.framework */,
				A05CC08018968BAA00C0D562 /* WindowsAzureMobileServices.framework */,
			);
			path = "AzureSDK-iOS";
			sourceTree = "<group>";
		};
/* End PBXGroup section */

/* Begin PBXNativeTarget section */
		A01E2A4218924AA400C84F01 /* FOVE */ = {
			isa = PBXNativeTarget;
			buildConfigurationList = A01E2A7518924AA400C84F01 /* Build configuration list for PBXNativeTarget "FOVE" */;
			buildPhases = (
				A01E2A3F18924AA400C84F01 /* Sources */,
				A01E2A4018924AA400C84F01 /* Frameworks */,
				A01E2A4118924AA400C84F01 /* Resources */,
			);
			buildRules = (
			);
			dependencies = (
			);
			name = FOVE;
			productName = FOVE;
			productReference = A01E2A4318924AA400C84F01 /* FOVE.app */;
			productType = "com.apple.product-type.application";
		};
		A01E2A6318924AA400C84F01 /* FOVETests */ = {
			isa = PBXNativeTarget;
			buildConfigurationList = A01E2A7818924AA400C84F01 /* Build configuration list for PBXNativeTarget "FOVETests" */;
			buildPhases = (
				A01E2A6018924AA400C84F01 /* Sources */,
				A01E2A6118924AA400C84F01 /* Frameworks */,
				A01E2A6218924AA400C84F01 /* Resources */,
			);
			buildRules = (
			);
			dependencies = (
				A01E2A6A18924AA400C84F01 /* PBXTargetDependency */,
			);
			name = FOVETests;
			productName = FOVETests;
			productReference = A01E2A6418924AA400C84F01 /* FOVETests.xctest */;
			productType = "com.apple.product-type.bundle.unit-test";
		};
/* End PBXNativeTarget section */

/* Begin PBXProject section */
		A01E2A3B18924AA400C84F01 /* Project object */ = {
			isa = PBXProject;
			attributes = {
				CLASSPREFIX = FV;
				LastUpgradeCheck = 0500;
				ORGANIZATIONNAME = "Nutchaphon Rewik";
				TargetAttributes = {
					A01E2A6318924AA400C84F01 = {
						TestTargetID = A01E2A4218924AA400C84F01;
					};
				};
			};
			buildConfigurationList = A01E2A3E18924AA400C84F01 /* Build configuration list for PBXProject "FOVE" */;
			compatibilityVersion = "Xcode 3.2";
			developmentRegion = English;
			hasScannedForEncodings = 0;
			knownRegions = (
				en,
				Base,
			);
			mainGroup = A01E2A3A18924AA400C84F01;
			productRefGroup = A01E2A4418924AA400C84F01 /* Products */;
			projectDirPath = "";
			projectRoot = "";
			targets = (
				A01E2A4218924AA400C84F01 /* FOVE */,
				A01E2A6318924AA400C84F01 /* FOVETests */,
			);
		};
/* End PBXProject section */

/* Begin PBXResourcesBuildPhase section */
		A01E2A4118924AA400C84F01 /* Resources */ = {
			isa = PBXResourcesBuildPhase;
			buildActionMask = 2147483647;
			files = (
				A01E2A5F18924AA400C84F01 /* Images.xcassets in Resources */,
				A0B6CD081897F31300AFC61C /* FoveStoryboard.storyboard in Resources */,
				A01E2A5118924AA400C84F01 /* InfoPlist.strings in Resources */,
			);
			runOnlyForDeploymentPostprocessing = 0;
		};
		A01E2A6218924AA400C84F01 /* Resources */ = {
			isa = PBXResourcesBuildPhase;
			buildActionMask = 2147483647;
			files = (
				A01E2A7018924AA400C84F01 /* InfoPlist.strings in Resources */,
			);
			runOnlyForDeploymentPostprocessing = 0;
		};
/* End PBXResourcesBuildPhase section */

/* Begin PBXSourcesBuildPhase section */
		A01E2A3F18924AA400C84F01 /* Sources */ = {
			isa = PBXSourcesBuildPhase;
			buildActionMask = 2147483647;
			files = (
				A04ACB17189749AC00587F34 /* FVProfileViewController.m in Sources */,
				A01E2A5718924AA400C84F01 /* FVAppDelegate.m in Sources */,
				A01E2A5318924AA400C84F01 /* main.m in Sources */,
				A01E2A5D18924AA400C84F01 /* FVViewController.m in Sources */,
				A0B6CD0E1898093E00AFC61C /* FVSettingViewController.m in Sources */,
			);
			runOnlyForDeploymentPostprocessing = 0;
		};
		A01E2A6018924AA400C84F01 /* Sources */ = {
			isa = PBXSourcesBuildPhase;
			buildActionMask = 2147483647;
			files = (
				A01E2A7218924AA400C84F01 /* FOVETests.m in Sources */,
			);
			runOnlyForDeploymentPostprocessing = 0;
		};
/* End PBXSourcesBuildPhase section */

/* Begin PBXTargetDependency section */
		A01E2A6A18924AA400C84F01 /* PBXTargetDependency */ = {
			isa = PBXTargetDependency;
			target = A01E2A4218924AA400C84F01 /* FOVE */;
			targetProxy = A01E2A6918924AA400C84F01 /* PBXContainerItemProxy */;
		};
/* End PBXTargetDependency section */

/* Begin PBXVariantGroup section */
		A01E2A4F18924AA400C84F01 /* InfoPlist.strings */ = {
			isa = PBXVariantGroup;
			children = (
				A01E2A5018924AA400C84F01 /* en */,
			);
			name = InfoPlist.strings;
			sourceTree = "<group>";
		};
		A01E2A6E18924AA400C84F01 /* InfoPlist.strings */ = {
			isa = PBXVariantGroup;
			children = (
				A01E2A6F18924AA400C84F01 /* en */,
			);
			name = InfoPlist.strings;
			sourceTree = "<group>";
		};
/* End PBXVariantGroup section */

/* Begin XCBuildConfiguration section */
		A01E2A7318924AA400C84F01 /* Debug */ = {
			isa = XCBuildConfiguration;
			buildSettings = {
				ALWAYS_SEARCH_USER_PATHS = NO;
				ARCHS = "$(ARCHS_STANDARD_INCLUDING_64_BIT)";
				CLANG_CXX_LANGUAGE_STANDARD = "gnu++0x";
				CLANG_CXX_LIBRARY = "libc++";
				CLANG_ENABLE_MODULES = YES;
				CLANG_ENABLE_OBJC_ARC = YES;
				CLANG_WARN_BOOL_CONVERSION = YES;
				CLANG_WARN_CONSTANT_CONVERSION = YES;
				CLANG_WARN_DIRECT_OBJC_ISA_USAGE = YES_ERROR;
				CLANG_WARN_EMPTY_BODY = YES;
				CLANG_WARN_ENUM_CONVERSION = YES;
				CLANG_WARN_INT_CONVERSION = YES;
				CLANG_WARN_OBJC_ROOT_CLASS = YES_ERROR;
				CLANG_WARN__DUPLICATE_METHOD_MATCH = YES;
				"CODE_SIGN_IDENTITY[sdk=iphoneos*]" = "iPhone Developer";
				COPY_PHASE_STRIP = NO;
				GCC_C_LANGUAGE_STANDARD = gnu99;
				GCC_DYNAMIC_NO_PIC = NO;
				GCC_OPTIMIZATION_LEVEL = 0;
				GCC_PREPROCESSOR_DEFINITIONS = (
					"DEBUG=1",
					"$(inherited)",
				);
				GCC_SYMBOLS_PRIVATE_EXTERN = NO;
				GCC_WARN_64_TO_32_BIT_CONVERSION = YES;
				GCC_WARN_ABOUT_RETURN_TYPE = YES_ERROR;
				GCC_WARN_UNDECLARED_SELECTOR = YES;
				GCC_WARN_UNINITIALIZED_AUTOS = YES;
				GCC_WARN_UNUSED_FUNCTION = YES;
				GCC_WARN_UNUSED_VARIABLE = YES;
				IPHONEOS_DEPLOYMENT_TARGET = 7.0;
				ONLY_ACTIVE_ARCH = YES;
				SDKROOT = iphoneos;
				TARGETED_DEVICE_FAMILY = 2;
			};
			name = Debug;
		};
		A01E2A7418924AA400C84F01 /* Release */ = {
			isa = XCBuildConfiguration;
			buildSettings = {
				ALWAYS_SEARCH_USER_PATHS = NO;
				ARCHS = "$(ARCHS_STANDARD_INCLUDING_64_BIT)";
				CLANG_CXX_LANGUAGE_STANDARD = "gnu++0x";
				CLANG_CXX_LIBRARY = "libc++";
				CLANG_ENABLE_MODULES = YES;
				CLANG_ENABLE_OBJC_ARC = YES;
				CLANG_WARN_BOOL_CONVERSION = YES;
				CLANG_WARN_CONSTANT_CONVERSION = YES;
				CLANG_WARN_DIRECT_OBJC_ISA_USAGE = YES_ERROR;
				CLANG_WARN_EMPTY_BODY = YES;
				CLANG_WARN_ENUM_CONVERSION = YES;
				CLANG_WARN_INT_CONVERSION = YES;
				CLANG_WARN_OBJC_ROOT_CLASS = YES_ERROR;
				CLANG_WARN__DUPLICATE_METHOD_MATCH = YES;
				"CODE_SIGN_IDENTITY[sdk=iphoneos*]" = "iPhone Developer";
				COPY_PHASE_STRIP = YES;
				ENABLE_NS_ASSERTIONS = NO;
				GCC_C_LANGUAGE_STANDARD = gnu99;
				GCC_WARN_64_TO_32_BIT_CONVERSION = YES;
				GCC_WARN_ABOUT_RETURN_TYPE = YES_ERROR;
				GCC_WARN_UNDECLARED_SELECTOR = YES;
				GCC_WARN_UNINITIALIZED_AUTOS = YES;
				GCC_WARN_UNUSED_FUNCTION = YES;
				GCC_WARN_UNUSED_VARIABLE = YES;
				IPHONEOS_DEPLOYMENT_TARGET = 7.0;
				SDKROOT = iphoneos;
				TARGETED_DEVICE_FAMILY = 2;
				VALIDATE_PRODUCT = YES;
			};
			name = Release;
		};
		A01E2A7618924AA400C84F01 /* Debug */ = {
			isa = XCBuildConfiguration;
			buildSettings = {
				ASSETCATALOG_COMPILER_APPICON_NAME = AppIcon;
				ASSETCATALOG_COMPILER_LAUNCHIMAGE_NAME = LaunchImage;
				FRAMEWORK_SEARCH_PATHS = (
					"$(inherited)",
					/Users/nRewik/Documents/FacebookSDK,
					"/Users/nRewik/Developer/iOS\\ Project/Fove/FOVE/AzureSDK-iOS",
				);
				GCC_PRECOMPILE_PREFIX_HEADER = YES;
				GCC_PREFIX_HEADER = "FOVE/FOVE-Prefix.pch";
				INFOPLIST_FILE = "FOVE/FOVE-Info.plist";
				IPHONEOS_DEPLOYMENT_TARGET = 7.0;
				PRODUCT_NAME = "$(TARGET_NAME)";
				TARGETED_DEVICE_FAMILY = 1;
				WRAPPER_EXTENSION = app;
			};
			name = Debug;
		};
		A01E2A7718924AA400C84F01 /* Release */ = {
			isa = XCBuildConfiguration;
			buildSettings = {
				ASSETCATALOG_COMPILER_APPICON_NAME = AppIcon;
				ASSETCATALOG_COMPILER_LAUNCHIMAGE_NAME = LaunchImage;
				FRAMEWORK_SEARCH_PATHS = (
					"$(inherited)",
					/Users/nRewik/Documents/FacebookSDK,
					"/Users/nRewik/Developer/iOS\\ Project/Fove/FOVE/AzureSDK-iOS",
				);
				GCC_PRECOMPILE_PREFIX_HEADER = YES;
				GCC_PREFIX_HEADER = "FOVE/FOVE-Prefix.pch";
				INFOPLIST_FILE = "FOVE/FOVE-Info.plist";
				IPHONEOS_DEPLOYMENT_TARGET = 7.0;
				PRODUCT_NAME = "$(TARGET_NAME)";
				TARGETED_DEVICE_FAMILY = 1;
				WRAPPER_EXTENSION = app;
			};
			name = Release;
		};
		A01E2A7918924AA400C84F01 /* Debug */ = {
			isa = XCBuildConfiguration;
			buildSettings = {
				ARCHS = "$(ARCHS_STANDARD_INCLUDING_64_BIT)";
				BUNDLE_LOADER = "$(BUILT_PRODUCTS_DIR)/FOVE.app/FOVE";
				FRAMEWORK_SEARCH_PATHS = (
					"$(SDKROOT)/Developer/Library/Frameworks",
					"$(inherited)",
					"$(DEVELOPER_FRAMEWORKS_DIR)",
				);
				GCC_PRECOMPILE_PREFIX_HEADER = YES;
				GCC_PREFIX_HEADER = "FOVE/FOVE-Prefix.pch";
				GCC_PREPROCESSOR_DEFINITIONS = (
					"DEBUG=1",
					"$(inherited)",
				);
				INFOPLIST_FILE = "FOVETests/FOVETests-Info.plist";
				PRODUCT_NAME = "$(TARGET_NAME)";
				TEST_HOST = "$(BUNDLE_LOADER)";
				WRAPPER_EXTENSION = xctest;
			};
			name = Debug;
		};
		A01E2A7A18924AA400C84F01 /* Release */ = {
			isa = XCBuildConfiguration;
			buildSettings = {
				ARCHS = "$(ARCHS_STANDARD_INCLUDING_64_BIT)";
				BUNDLE_LOADER = "$(BUILT_PRODUCTS_DIR)/FOVE.app/FOVE";
				FRAMEWORK_SEARCH_PATHS = (
					"$(SDKROOT)/Developer/Library/Frameworks",
					"$(inherited)",
					"$(DEVELOPER_FRAMEWORKS_DIR)",
				);
				GCC_PRECOMPILE_PREFIX_HEADER = YES;
				GCC_PREFIX_HEADER = "FOVE/FOVE-Prefix.pch";
				INFOPLIST_FILE = "FOVETests/FOVETests-Info.plist";
				PRODUCT_NAME = "$(TARGET_NAME)";
				TEST_HOST = "$(BUNDLE_LOADER)";
				WRAPPER_EXTENSION = xctest;
			};
			name = Release;
		};
/* End XCBuildConfiguration section */

/* Begin XCConfigurationList section */
		A01E2A3E18924AA400C84F01 /* Build configuration list for PBXProject "FOVE" */ = {
			isa = XCConfigurationList;
			buildConfigurations = (
				A01E2A7318924AA400C84F01 /* Debug */,
				A01E2A7418924AA400C84F01 /* Release */,
			);
			defaultConfigurationIsVisible = 0;
			defaultConfigurationName = Release;
		};
		A01E2A7518924AA400C84F01 /* Build configuration list for PBXNativeTarget "FOVE" */ = {
			isa = XCConfigurationList;
			buildConfigurations = (
				A01E2A7618924AA400C84F01 /* Debug */,
				A01E2A7718924AA400C84F01 /* Release */,
			);
			defaultConfigurationIsVisible = 0;
			defaultConfigurationName = Release;
		};
		A01E2A7818924AA400C84F01 /* Build configuration list for PBXNativeTarget "FOVETests" */ = {
			isa = XCConfigurationList;
			buildConfigurations = (
				A01E2A7918924AA400C84F01 /* Debug */,
				A01E2A7A18924AA400C84F01 /* Release */,
			);
			defaultConfigurationIsVisible = 0;
			defaultConfigurationName = Release;
		};
/* End XCConfigurationList section */
	};
	rootObject = A01E2A3B18924AA400C84F01 /* Project object */;
}
