// !$*UTF8*$!
{
	archiveVersion = 1;
	classes = {
	};
	objectVersion = 46;
	objects = {

/* Begin PBXBuildFile section */
		A00D8815189E97D200DB57B4 /* FVMailboxViewController.m in Sources */ = {isa = PBXBuildFile; fileRef = A00D8814189E97D200DB57B4 /* FVMailboxViewController.m */; };
		A0118A1A18A78B6E00664363 /* MediaPlayer.framework in Frameworks */ = {isa = PBXBuildFile; fileRef = A0118A1918A78B6E00664363 /* MediaPlayer.framework */; };
		A01A272918B78DAC00524C99 /* FVFriendCollectionViewCell.m in Sources */ = {isa = PBXBuildFile; fileRef = A01A272818B78DAC00524C99 /* FVFriendCollectionViewCell.m */; };
		A01E2A4718924AA400C84F01 /* Foundation.framework in Frameworks */ = {isa = PBXBuildFile; fileRef = A01E2A4618924AA400C84F01 /* Foundation.framework */; };
		A01E2A4918924AA400C84F01 /* CoreGraphics.framework in Frameworks */ = {isa = PBXBuildFile; fileRef = A01E2A4818924AA400C84F01 /* CoreGraphics.framework */; };
		A01E2A4B18924AA400C84F01 /* UIKit.framework in Frameworks */ = {isa = PBXBuildFile; fileRef = A01E2A4A18924AA400C84F01 /* UIKit.framework */; };
		A01E2A5118924AA400C84F01 /* InfoPlist.strings in Resources */ = {isa = PBXBuildFile; fileRef = A01E2A4F18924AA400C84F01 /* InfoPlist.strings */; };
		A01E2A5318924AA400C84F01 /* main.m in Sources */ = {isa = PBXBuildFile; fileRef = A01E2A5218924AA400C84F01 /* main.m */; };
		A01E2A5718924AA400C84F01 /* FVAppDelegate.m in Sources */ = {isa = PBXBuildFile; fileRef = A01E2A5618924AA400C84F01 /* FVAppDelegate.m */; };
		A01E2A5D18924AA400C84F01 /* FVViewController.m in Sources */ = {isa = PBXBuildFile; fileRef = A01E2A5C18924AA400C84F01 /* FVViewController.m */; };
		A01E2A5F18924AA400C84F01 /* Images.xcassets in Resources */ = {isa = PBXBuildFile; fileRef = A01E2A5E18924AA400C84F01 /* Images.xcassets */; };
		A01E2A8018924BD900C84F01 /* FacebookSDK.framework in Frameworks */ = {isa = PBXBuildFile; fileRef = A01E2A7F18924BD900C84F01 /* FacebookSDK.framework */; };
		A01E376B189F6BC3001CCEBA /* FVMailbox.m in Sources */ = {isa = PBXBuildFile; fileRef = A01E376A189F6BC3001CCEBA /* FVMailbox.m */; };
		A0212FCE18A5EE3F00B8B0A2 /* FVFeedViewController.m in Sources */ = {isa = PBXBuildFile; fileRef = A0212FCD18A5EE3F00B8B0A2 /* FVFeedViewController.m */; };
		A0212FD218A5F36100B8B0A2 /* FVBlobStorageService.m in Sources */ = {isa = PBXBuildFile; fileRef = A0212FD118A5F36100B8B0A2 /* FVBlobStorageService.m */; };
		A0251A0818A9F622005A6536 /* FVFriendSegmentedViewController.m in Sources */ = {isa = PBXBuildFile; fileRef = A0251A0718A9F622005A6536 /* FVFriendSegmentedViewController.m */; };
		A029C71B189E2B1D00B167C7 /* FVUser.m in Sources */ = {isa = PBXBuildFile; fileRef = A029C71A189E2B1D00B167C7 /* FVUser.m */; };
		A02D675D18BA4285005E1EF4 /* FVGalleryViewController.m in Sources */ = {isa = PBXBuildFile; fileRef = A02D675C18BA4285005E1EF4 /* FVGalleryViewController.m */; };
		A02D676018BA4421005E1EF4 /* FVGalleryViewCell.m in Sources */ = {isa = PBXBuildFile; fileRef = A02D675F18BA4421005E1EF4 /* FVGalleryViewCell.m */; };
		A02EFD2B189FE8D8001E5516 /* FVMail.m in Sources */ = {isa = PBXBuildFile; fileRef = A02EFD2A189FE8D8001E5516 /* FVMail.m */; };
		A02EFD2F189FECBD001E5516 /* FVMailboxAnnotation.m in Sources */ = {isa = PBXBuildFile; fileRef = A02EFD2E189FECBD001E5516 /* FVMailboxAnnotation.m */; };
		A031413918B09A9B00CBF55F /* FVCreatePostCardViewController.m in Sources */ = {isa = PBXBuildFile; fileRef = A031413818B09A9B00CBF55F /* FVCreatePostCardViewController.m */; };
		A031413C18B09B9900CBF55F /* FVCreatePostCardView.m in Sources */ = {isa = PBXBuildFile; fileRef = A031413B18B09B9900CBF55F /* FVCreatePostCardView.m */; };
		A03C376C18AF53A6001BA7E7 /* FVPostCardScrollViewPortrait.m in Sources */ = {isa = PBXBuildFile; fileRef = A03C376B18AF53A6001BA7E7 /* FVPostCardScrollViewPortrait.m */; };
		A03C376F18AF542F001BA7E7 /* FVPostCard.m in Sources */ = {isa = PBXBuildFile; fileRef = A03C376E18AF542F001BA7E7 /* FVPostCard.m */; };
		A03C377218AF5EFC001BA7E7 /* FVPostCardScrollViewLandScape.m in Sources */ = {isa = PBXBuildFile; fileRef = A03C377118AF5EFC001BA7E7 /* FVPostCardScrollViewLandScape.m */; };
		A03C377818AF6320001BA7E7 /* FVPostCardLandScapeView.m in Sources */ = {isa = PBXBuildFile; fileRef = A03C377718AF6320001BA7E7 /* FVPostCardLandScapeView.m */; };
		A03C377B18AF67B4001BA7E7 /* FVPostCardView.m in Sources */ = {isa = PBXBuildFile; fileRef = A03C377A18AF67B4001BA7E7 /* FVPostCardView.m */; };
		A03D0C9818A91611006BF805 /* FVMediaPlayerView.m in Sources */ = {isa = PBXBuildFile; fileRef = A03D0C9718A91611006BF805 /* FVMediaPlayerView.m */; };
		A04ACB17189749AC00587F34 /* FVProfileViewController.m in Sources */ = {isa = PBXBuildFile; fileRef = A04ACB16189749AC00587F34 /* FVProfileViewController.m */; };
		A056F66E18B0F1D0001C6987 /* FVFriendViewController.m in Sources */ = {isa = PBXBuildFile; fileRef = A056F66D18B0F1D0001C6987 /* FVFriendViewController.m */; };
		A056F67518B0F8F2001C6987 /* FVindexTabBarController.m in Sources */ = {isa = PBXBuildFile; fileRef = A056F67418B0F8F2001C6987 /* FVindexTabBarController.m */; };
		A05CC08118968BAA00C0D562 /* WindowsAzureMessaging.framework in Frameworks */ = {isa = PBXBuildFile; fileRef = A05CC07F18968BAA00C0D562 /* WindowsAzureMessaging.framework */; };
		A05CC08218968BAA00C0D562 /* WindowsAzureMobileServices.framework in Frameworks */ = {isa = PBXBuildFile; fileRef = A05CC08018968BAA00C0D562 /* WindowsAzureMobileServices.framework */; };
		A06856C6189CC967007F0015 /* FVMapViewController.m in Sources */ = {isa = PBXBuildFile; fileRef = A06856C5189CC967007F0015 /* FVMapViewController.m */; };
		A086301A18AA6EB900D2BC4D /* FVChatViewController.m in Sources */ = {isa = PBXBuildFile; fileRef = A086301918AA6EB900D2BC4D /* FVChatViewController.m */; };
		A09943E4189BDA4F00782AEE /* CoreLocation.framework in Frameworks */ = {isa = PBXBuildFile; fileRef = A09943E3189BDA4F00782AEE /* CoreLocation.framework */; };
		A09943EA189BE42B00782AEE /* MapKit.framework in Frameworks */ = {isa = PBXBuildFile; fileRef = A09943E9189BE42B00782AEE /* MapKit.framework */; };
		A0B6CD081897F31300AFC61C /* FoveStoryboard.storyboard in Resources */ = {isa = PBXBuildFile; fileRef = A0B6CD071897F31300AFC61C /* FoveStoryboard.storyboard */; };
		A0B6CD0E1898093E00AFC61C /* FVSettingViewController.m in Sources */ = {isa = PBXBuildFile; fileRef = A0B6CD0D1898093E00AFC61C /* FVSettingViewController.m */; };
		A0B8360818B6116D005A35AC /* FVPostCardViewController.m in Sources */ = {isa = PBXBuildFile; fileRef = A0B8360718B6116D005A35AC /* FVPostCardViewController.m */; };
		A0C2BBFB18AE5CA100956797 /* FVPostCardPortraitView.m in Sources */ = {isa = PBXBuildFile; fileRef = A0C2BBFA18AE5CA100956797 /* FVPostCardPortraitView.m */; };
		A0E8717E189CE3F40093D98A /* FVCreateMailboxViewController.m in Sources */ = {isa = PBXBuildFile; fileRef = A0E8717D189CE3F40093D98A /* FVCreateMailboxViewController.m */; };
/* End PBXBuildFile section */

/* Begin PBXFileReference section */
		A00D8813189E97D200DB57B4 /* FVMailboxViewController.h */ = {isa = PBXFileReference; fileEncoding = 4; lastKnownFileType = sourcecode.c.h; name = FVMailboxViewController.h; path = Controller/FVMailboxViewController.h; sourceTree = "<group>"; };
		A00D8814189E97D200DB57B4 /* FVMailboxViewController.m */ = {isa = PBXFileReference; fileEncoding = 4; lastKnownFileType = sourcecode.c.objc; name = FVMailboxViewController.m; path = Controller/FVMailboxViewController.m; sourceTree = "<group>"; };
		A0118A1918A78B6E00664363 /* MediaPlayer.framework */ = {isa = PBXFileReference; lastKnownFileType = wrapper.framework; name = MediaPlayer.framework; path = System/Library/Frameworks/MediaPlayer.framework; sourceTree = SDKROOT; };
		A01A272718B78DAC00524C99 /* FVFriendCollectionViewCell.h */ = {isa = PBXFileReference; fileEncoding = 4; lastKnownFileType = sourcecode.c.h; name = FVFriendCollectionViewCell.h; path = Controller/FVFriendCollectionViewCell.h; sourceTree = "<group>"; };
		A01A272818B78DAC00524C99 /* FVFriendCollectionViewCell.m */ = {isa = PBXFileReference; fileEncoding = 4; lastKnownFileType = sourcecode.c.objc; name = FVFriendCollectionViewCell.m; path = Controller/FVFriendCollectionViewCell.m; sourceTree = "<group>"; };
		A01E2A4318924AA400C84F01 /* FOVE.app */ = {isa = PBXFileReference; explicitFileType = wrapper.application; includeInIndex = 0; path = FOVE.app; sourceTree = BUILT_PRODUCTS_DIR; };
		A01E2A4618924AA400C84F01 /* Foundation.framework */ = {isa = PBXFileReference; lastKnownFileType = wrapper.framework; name = Foundation.framework; path = System/Library/Frameworks/Foundation.framework; sourceTree = SDKROOT; };
		A01E2A4818924AA400C84F01 /* CoreGraphics.framework */ = {isa = PBXFileReference; lastKnownFileType = wrapper.framework; name = CoreGraphics.framework; path = System/Library/Frameworks/CoreGraphics.framework; sourceTree = SDKROOT; };
		A01E2A4A18924AA400C84F01 /* UIKit.framework */ = {isa = PBXFileReference; lastKnownFileType = wrapper.framework; name = UIKit.framework; path = System/Library/Frameworks/UIKit.framework; sourceTree = SDKROOT; };
		A01E2A4E18924AA400C84F01 /* FOVE-Info.plist */ = {isa = PBXFileReference; lastKnownFileType = text.plist.xml; path = "FOVE-Info.plist"; sourceTree = "<group>"; };
		A01E2A5018924AA400C84F01 /* en */ = {isa = PBXFileReference; lastKnownFileType = text.plist.strings; name = en; path = en.lproj/InfoPlist.strings; sourceTree = "<group>"; };
		A01E2A5218924AA400C84F01 /* main.m */ = {isa = PBXFileReference; lastKnownFileType = sourcecode.c.objc; path = main.m; sourceTree = "<group>"; };
		A01E2A5418924AA400C84F01 /* FOVE-Prefix.pch */ = {isa = PBXFileReference; lastKnownFileType = sourcecode.c.h; path = "FOVE-Prefix.pch"; sourceTree = "<group>"; };
		A01E2A5518924AA400C84F01 /* FVAppDelegate.h */ = {isa = PBXFileReference; lastKnownFileType = sourcecode.c.h; path = FVAppDelegate.h; sourceTree = "<group>"; };
		A01E2A5618924AA400C84F01 /* FVAppDelegate.m */ = {isa = PBXFileReference; lastKnownFileType = sourcecode.c.objc; path = FVAppDelegate.m; sourceTree = "<group>"; };
		A01E2A5B18924AA400C84F01 /* FVViewController.h */ = {isa = PBXFileReference; lastKnownFileType = sourcecode.c.h; path = FVViewController.h; sourceTree = "<group>"; };
		A01E2A5C18924AA400C84F01 /* FVViewController.m */ = {isa = PBXFileReference; lastKnownFileType = sourcecode.c.objc; path = FVViewController.m; sourceTree = "<group>"; };
		A01E2A5E18924AA400C84F01 /* Images.xcassets */ = {isa = PBXFileReference; lastKnownFileType = folder.assetcatalog; path = Images.xcassets; sourceTree = "<group>"; };
		A01E2A6518924AA400C84F01 /* XCTest.framework */ = {isa = PBXFileReference; lastKnownFileType = wrapper.framework; name = XCTest.framework; path = Library/Frameworks/XCTest.framework; sourceTree = DEVELOPER_DIR; };
		A01E2A7F18924BD900C84F01 /* FacebookSDK.framework */ = {isa = PBXFileReference; lastKnownFileType = wrapper.framework; name = FacebookSDK.framework; path = ../../../../Documents/FacebookSDK/FacebookSDK.framework; sourceTree = "<group>"; };
		A01E3769189F6BC3001CCEBA /* FVMailbox.h */ = {isa = PBXFileReference; fileEncoding = 4; lastKnownFileType = sourcecode.c.h; name = FVMailbox.h; path = Model/FVMailbox.h; sourceTree = "<group>"; };
		A01E376A189F6BC3001CCEBA /* FVMailbox.m */ = {isa = PBXFileReference; fileEncoding = 4; lastKnownFileType = sourcecode.c.objc; name = FVMailbox.m; path = Model/FVMailbox.m; sourceTree = "<group>"; };
		A0212FCC18A5EE3F00B8B0A2 /* FVFeedViewController.h */ = {isa = PBXFileReference; fileEncoding = 4; lastKnownFileType = sourcecode.c.h; name = FVFeedViewController.h; path = Controller/FVFeedViewController.h; sourceTree = "<group>"; };
		A0212FCD18A5EE3F00B8B0A2 /* FVFeedViewController.m */ = {isa = PBXFileReference; fileEncoding = 4; lastKnownFileType = sourcecode.c.objc; name = FVFeedViewController.m; path = Controller/FVFeedViewController.m; sourceTree = "<group>"; };
		A0212FD018A5F36100B8B0A2 /* FVBlobStorageService.h */ = {isa = PBXFileReference; fileEncoding = 4; lastKnownFileType = sourcecode.c.h; name = FVBlobStorageService.h; path = Utilities/FVBlobStorageService.h; sourceTree = "<group>"; };
		A0212FD118A5F36100B8B0A2 /* FVBlobStorageService.m */ = {isa = PBXFileReference; fileEncoding = 4; lastKnownFileType = sourcecode.c.objc; name = FVBlobStorageService.m; path = Utilities/FVBlobStorageService.m; sourceTree = "<group>"; };
		A0251A0618A9F622005A6536 /* FVFriendSegmentedViewController.h */ = {isa = PBXFileReference; fileEncoding = 4; lastKnownFileType = sourcecode.c.h; name = FVFriendSegmentedViewController.h; path = Controller/FVFriendSegmentedViewController.h; sourceTree = "<group>"; };
		A0251A0718A9F622005A6536 /* FVFriendSegmentedViewController.m */ = {isa = PBXFileReference; fileEncoding = 4; lastKnownFileType = sourcecode.c.objc; name = FVFriendSegmentedViewController.m; path = Controller/FVFriendSegmentedViewController.m; sourceTree = "<group>"; };
		A029C719189E2B1D00B167C7 /* FVUser.h */ = {isa = PBXFileReference; fileEncoding = 4; lastKnownFileType = sourcecode.c.h; name = FVUser.h; path = Model/FVUser.h; sourceTree = "<group>"; };
		A029C71A189E2B1D00B167C7 /* FVUser.m */ = {isa = PBXFileReference; fileEncoding = 4; lastKnownFileType = sourcecode.c.objc; name = FVUser.m; path = Model/FVUser.m; sourceTree = "<group>"; };
		A02D675B18BA4285005E1EF4 /* FVGalleryViewController.h */ = {isa = PBXFileReference; fileEncoding = 4; lastKnownFileType = sourcecode.c.h; name = FVGalleryViewController.h; path = Controller/FVGalleryViewController.h; sourceTree = "<group>"; };
		A02D675C18BA4285005E1EF4 /* FVGalleryViewController.m */ = {isa = PBXFileReference; fileEncoding = 4; lastKnownFileType = sourcecode.c.objc; name = FVGalleryViewController.m; path = Controller/FVGalleryViewController.m; sourceTree = "<group>"; };
		A02D675E18BA4421005E1EF4 /* FVGalleryViewCell.h */ = {isa = PBXFileReference; fileEncoding = 4; lastKnownFileType = sourcecode.c.h; name = FVGalleryViewCell.h; path = View/FVGalleryViewCell.h; sourceTree = "<group>"; };
		A02D675F18BA4421005E1EF4 /* FVGalleryViewCell.m */ = {isa = PBXFileReference; fileEncoding = 4; lastKnownFileType = sourcecode.c.objc; name = FVGalleryViewCell.m; path = View/FVGalleryViewCell.m; sourceTree = "<group>"; };
		A02EFD29189FE8D8001E5516 /* FVMail.h */ = {isa = PBXFileReference; fileEncoding = 4; lastKnownFileType = sourcecode.c.h; name = FVMail.h; path = Model/FVMail.h; sourceTree = "<group>"; };
		A02EFD2A189FE8D8001E5516 /* FVMail.m */ = {isa = PBXFileReference; fileEncoding = 4; lastKnownFileType = sourcecode.c.objc; name = FVMail.m; path = Model/FVMail.m; sourceTree = "<group>"; };
		A02EFD2D189FECBD001E5516 /* FVMailboxAnnotation.h */ = {isa = PBXFileReference; fileEncoding = 4; lastKnownFileType = sourcecode.c.h; name = FVMailboxAnnotation.h; path = View/FVMailboxAnnotation.h; sourceTree = "<group>"; };
		A02EFD2E189FECBD001E5516 /* FVMailboxAnnotation.m */ = {isa = PBXFileReference; fileEncoding = 4; lastKnownFileType = sourcecode.c.objc; name = FVMailboxAnnotation.m; path = View/FVMailboxAnnotation.m; sourceTree = "<group>"; };
		A031413718B09A9B00CBF55F /* FVCreatePostCardViewController.h */ = {isa = PBXFileReference; fileEncoding = 4; lastKnownFileType = sourcecode.c.h; name = FVCreatePostCardViewController.h; path = Controller/FVCreatePostCardViewController.h; sourceTree = "<group>"; };
		A031413818B09A9B00CBF55F /* FVCreatePostCardViewController.m */ = {isa = PBXFileReference; fileEncoding = 4; lastKnownFileType = sourcecode.c.objc; name = FVCreatePostCardViewController.m; path = Controller/FVCreatePostCardViewController.m; sourceTree = "<group>"; };
		A031413A18B09B9900CBF55F /* FVCreatePostCardView.h */ = {isa = PBXFileReference; fileEncoding = 4; lastKnownFileType = sourcecode.c.h; name = FVCreatePostCardView.h; path = View/FVCreatePostCardView.h; sourceTree = "<group>"; };
		A031413B18B09B9900CBF55F /* FVCreatePostCardView.m */ = {isa = PBXFileReference; fileEncoding = 4; lastKnownFileType = sourcecode.c.objc; name = FVCreatePostCardView.m; path = View/FVCreatePostCardView.m; sourceTree = "<group>"; };
		A03C376A18AF53A6001BA7E7 /* FVPostCardScrollViewPortrait.h */ = {isa = PBXFileReference; fileEncoding = 4; lastKnownFileType = sourcecode.c.h; name = FVPostCardScrollViewPortrait.h; path = View/FVPostCardScrollViewPortrait.h; sourceTree = "<group>"; };
		A03C376B18AF53A6001BA7E7 /* FVPostCardScrollViewPortrait.m */ = {isa = PBXFileReference; fileEncoding = 4; lastKnownFileType = sourcecode.c.objc; name = FVPostCardScrollViewPortrait.m; path = View/FVPostCardScrollViewPortrait.m; sourceTree = "<group>"; };
		A03C376D18AF542F001BA7E7 /* FVPostCard.h */ = {isa = PBXFileReference; fileEncoding = 4; lastKnownFileType = sourcecode.c.h; name = FVPostCard.h; path = Model/FVPostCard.h; sourceTree = "<group>"; };
		A03C376E18AF542F001BA7E7 /* FVPostCard.m */ = {isa = PBXFileReference; fileEncoding = 4; lastKnownFileType = sourcecode.c.objc; name = FVPostCard.m; path = Model/FVPostCard.m; sourceTree = "<group>"; };
		A03C377018AF5EFC001BA7E7 /* FVPostCardScrollViewLandScape.h */ = {isa = PBXFileReference; fileEncoding = 4; lastKnownFileType = sourcecode.c.h; name = FVPostCardScrollViewLandScape.h; path = View/FVPostCardScrollViewLandScape.h; sourceTree = "<group>"; };
		A03C377118AF5EFC001BA7E7 /* FVPostCardScrollViewLandScape.m */ = {isa = PBXFileReference; fileEncoding = 4; lastKnownFileType = sourcecode.c.objc; name = FVPostCardScrollViewLandScape.m; path = View/FVPostCardScrollViewLandScape.m; sourceTree = "<group>"; };
		A03C377618AF6320001BA7E7 /* FVPostCardLandScapeView.h */ = {isa = PBXFileReference; fileEncoding = 4; lastKnownFileType = sourcecode.c.h; name = FVPostCardLandScapeView.h; path = View/FVPostCardLandScapeView.h; sourceTree = "<group>"; };
		A03C377718AF6320001BA7E7 /* FVPostCardLandScapeView.m */ = {isa = PBXFileReference; fileEncoding = 4; lastKnownFileType = sourcecode.c.objc; name = FVPostCardLandScapeView.m; path = View/FVPostCardLandScapeView.m; sourceTree = "<group>"; };
		A03C377918AF67B4001BA7E7 /* FVPostCardView.h */ = {isa = PBXFileReference; fileEncoding = 4; indentWidth = 4; lastKnownFileType = sourcecode.c.h; name = FVPostCardView.h; path = View/FVPostCardView.h; sourceTree = "<group>"; tabWidth = 4; usesTabs = 0; wrapsLines = 1; };
		A03C377A18AF67B4001BA7E7 /* FVPostCardView.m */ = {isa = PBXFileReference; fileEncoding = 4; indentWidth = 4; lastKnownFileType = sourcecode.c.objc; name = FVPostCardView.m; path = View/FVPostCardView.m; sourceTree = "<group>"; tabWidth = 4; usesTabs = 0; wrapsLines = 1; };
		A03D0C9618A91611006BF805 /* FVMediaPlayerView.h */ = {isa = PBXFileReference; fileEncoding = 4; lastKnownFileType = sourcecode.c.h; name = FVMediaPlayerView.h; path = View/FVMediaPlayerView.h; sourceTree = "<group>"; };
		A03D0C9718A91611006BF805 /* FVMediaPlayerView.m */ = {isa = PBXFileReference; fileEncoding = 4; lastKnownFileType = sourcecode.c.objc; name = FVMediaPlayerView.m; path = View/FVMediaPlayerView.m; sourceTree = "<group>"; };
		A04ACB15189749AC00587F34 /* FVProfileViewController.h */ = {isa = PBXFileReference; fileEncoding = 4; lastKnownFileType = sourcecode.c.h; name = FVProfileViewController.h; path = Controller/FVProfileViewController.h; sourceTree = "<group>"; };
		A04ACB16189749AC00587F34 /* FVProfileViewController.m */ = {isa = PBXFileReference; fileEncoding = 4; lastKnownFileType = sourcecode.c.objc; name = FVProfileViewController.m; path = Controller/FVProfileViewController.m; sourceTree = "<group>"; };
		A056F66C18B0F1D0001C6987 /* FVFriendViewController.h */ = {isa = PBXFileReference; fileEncoding = 4; lastKnownFileType = sourcecode.c.h; name = FVFriendViewController.h; path = Controller/FVFriendViewController.h; sourceTree = "<group>"; };
		A056F66D18B0F1D0001C6987 /* FVFriendViewController.m */ = {isa = PBXFileReference; fileEncoding = 4; lastKnownFileType = sourcecode.c.objc; name = FVFriendViewController.m; path = Controller/FVFriendViewController.m; sourceTree = "<group>"; };
		A056F67318B0F8F2001C6987 /* FVindexTabBarController.h */ = {isa = PBXFileReference; fileEncoding = 4; lastKnownFileType = sourcecode.c.h; name = FVindexTabBarController.h; path = Controller/FVindexTabBarController.h; sourceTree = "<group>"; };
		A056F67418B0F8F2001C6987 /* FVindexTabBarController.m */ = {isa = PBXFileReference; fileEncoding = 4; lastKnownFileType = sourcecode.c.objc; name = FVindexTabBarController.m; path = Controller/FVindexTabBarController.m; sourceTree = "<group>"; };
		A05CC07F18968BAA00C0D562 /* WindowsAzureMessaging.framework */ = {isa = PBXFileReference; lastKnownFileType = wrapper.framework; path = WindowsAzureMessaging.framework; sourceTree = "<group>"; };
		A05CC08018968BAA00C0D562 /* WindowsAzureMobileServices.framework */ = {isa = PBXFileReference; lastKnownFileType = wrapper.framework; path = WindowsAzureMobileServices.framework; sourceTree = "<group>"; };
		A06856C4189CC967007F0015 /* FVMapViewController.h */ = {isa = PBXFileReference; fileEncoding = 4; lastKnownFileType = sourcecode.c.h; name = FVMapViewController.h; path = Controller/FVMapViewController.h; sourceTree = "<group>"; };
		A06856C5189CC967007F0015 /* FVMapViewController.m */ = {isa = PBXFileReference; fileEncoding = 4; lastKnownFileType = sourcecode.c.objc; name = FVMapViewController.m; path = Controller/FVMapViewController.m; sourceTree = "<group>"; };
		A086301818AA6EB900D2BC4D /* FVChatViewController.h */ = {isa = PBXFileReference; fileEncoding = 4; lastKnownFileType = sourcecode.c.h; name = FVChatViewController.h; path = Controller/FVChatViewController.h; sourceTree = "<group>"; };
		A086301918AA6EB900D2BC4D /* FVChatViewController.m */ = {isa = PBXFileReference; fileEncoding = 4; lastKnownFileType = sourcecode.c.objc; name = FVChatViewController.m; path = Controller/FVChatViewController.m; sourceTree = "<group>"; };
		A09943E3189BDA4F00782AEE /* CoreLocation.framework */ = {isa = PBXFileReference; lastKnownFileType = wrapper.framework; name = CoreLocation.framework; path = System/Library/Frameworks/CoreLocation.framework; sourceTree = SDKROOT; };
		A09943E9189BE42B00782AEE /* MapKit.framework */ = {isa = PBXFileReference; lastKnownFileType = wrapper.framework; name = MapKit.framework; path = System/Library/Frameworks/MapKit.framework; sourceTree = SDKROOT; };
		A0B6CD071897F31300AFC61C /* FoveStoryboard.storyboard */ = {isa = PBXFileReference; fileEncoding = 4; lastKnownFileType = file.storyboard; name = FoveStoryboard.storyboard; path = ../FoveStoryboard.storyboard; sourceTree = "<group>"; };
		A0B6CD0C1898093E00AFC61C /* FVSettingViewController.h */ = {isa = PBXFileReference; fileEncoding = 4; lastKnownFileType = sourcecode.c.h; name = FVSettingViewController.h; path = Controller/FVSettingViewController.h; sourceTree = "<group>"; };
		A0B6CD0D1898093E00AFC61C /* FVSettingViewController.m */ = {isa = PBXFileReference; fileEncoding = 4; lastKnownFileType = sourcecode.c.objc; name = FVSettingViewController.m; path = Controller/FVSettingViewController.m; sourceTree = "<group>"; };
		A0B8360618B6116D005A35AC /* FVPostCardViewController.h */ = {isa = PBXFileReference; fileEncoding = 4; lastKnownFileType = sourcecode.c.h; name = FVPostCardViewController.h; path = Controller/FVPostCardViewController.h; sourceTree = "<group>"; };
		A0B8360718B6116D005A35AC /* FVPostCardViewController.m */ = {isa = PBXFileReference; fileEncoding = 4; lastKnownFileType = sourcecode.c.objc; name = FVPostCardViewController.m; path = Controller/FVPostCardViewController.m; sourceTree = "<group>"; };
		A0C2BBF918AE5CA100956797 /* FVPostCardPortraitView.h */ = {isa = PBXFileReference; fileEncoding = 4; lastKnownFileType = sourcecode.c.h; name = FVPostCardPortraitView.h; path = View/FVPostCardPortraitView.h; sourceTree = "<group>"; };
		A0C2BBFA18AE5CA100956797 /* FVPostCardPortraitView.m */ = {isa = PBXFileReference; fileEncoding = 4; lastKnownFileType = sourcecode.c.objc; name = FVPostCardPortraitView.m; path = View/FVPostCardPortraitView.m; sourceTree = "<group>"; };
		A0E8717C189CE3F40093D98A /* FVCreateMailboxViewController.h */ = {isa = PBXFileReference; fileEncoding = 4; lastKnownFileType = sourcecode.c.h; name = FVCreateMailboxViewController.h; path = Controller/FVCreateMailboxViewController.h; sourceTree = "<group>"; };
		A0E8717D189CE3F40093D98A /* FVCreateMailboxViewController.m */ = {isa = PBXFileReference; fileEncoding = 4; lastKnownFileType = sourcecode.c.objc; name = FVCreateMailboxViewController.m; path = Controller/FVCreateMailboxViewController.m; sourceTree = "<group>"; };
/* End PBXFileReference section */

/* Begin PBXFrameworksBuildPhase section */
		A01E2A4018924AA400C84F01 /* Frameworks */ = {
			isa = PBXFrameworksBuildPhase;
			buildActionMask = 2147483647;
			files = (
				A0118A1A18A78B6E00664363 /* MediaPlayer.framework in Frameworks */,
				A09943EA189BE42B00782AEE /* MapKit.framework in Frameworks */,
				A09943E4189BDA4F00782AEE /* CoreLocation.framework in Frameworks */,
				A05CC08218968BAA00C0D562 /* WindowsAzureMobileServices.framework in Frameworks */,
				A01E2A4918924AA400C84F01 /* CoreGraphics.framework in Frameworks */,
				A01E2A8018924BD900C84F01 /* FacebookSDK.framework in Frameworks */,
				A01E2A4B18924AA400C84F01 /* UIKit.framework in Frameworks */,
				A05CC08118968BAA00C0D562 /* WindowsAzureMessaging.framework in Frameworks */,
				A01E2A4718924AA400C84F01 /* Foundation.framework in Frameworks */,
			);
			runOnlyForDeploymentPostprocessing = 0;
		};
/* End PBXFrameworksBuildPhase section */

/* Begin PBXGroup section */
		A01A272A18B78E1000524C99 /* Friend */ = {
			isa = PBXGroup;
			children = (
				A056F66C18B0F1D0001C6987 /* FVFriendViewController.h */,
				A056F66D18B0F1D0001C6987 /* FVFriendViewController.m */,
				A01A272718B78DAC00524C99 /* FVFriendCollectionViewCell.h */,
				A01A272818B78DAC00524C99 /* FVFriendCollectionViewCell.m */,
			);
			name = Friend;
			sourceTree = "<group>";
		};
		A01A272B18B78E1A00524C99 /* Gallery */ = {
			isa = PBXGroup;
			children = (
				A02D675B18BA4285005E1EF4 /* FVGalleryViewController.h */,
				A02D675C18BA4285005E1EF4 /* FVGalleryViewController.m */,
				A02D675E18BA4421005E1EF4 /* FVGalleryViewCell.h */,
				A02D675F18BA4421005E1EF4 /* FVGalleryViewCell.m */,
			);
			name = Gallery;
			sourceTree = "<group>";
		};
		A01E2A3A18924AA400C84F01 = {
			isa = PBXGroup;
			children = (
				A01E2A4C18924AA400C84F01 /* FOVE */,
				A01E2A4518924AA400C84F01 /* Frameworks */,
				A01E2A4418924AA400C84F01 /* Products */,
			);
			sourceTree = "<group>";
		};
		A01E2A4418924AA400C84F01 /* Products */ = {
			isa = PBXGroup;
			children = (
				A01E2A4318924AA400C84F01 /* FOVE.app */,
			);
			name = Products;
			sourceTree = "<group>";
		};
		A01E2A4518924AA400C84F01 /* Frameworks */ = {
			isa = PBXGroup;
			children = (
				A0118A1918A78B6E00664363 /* MediaPlayer.framework */,
				A09943E9189BE42B00782AEE /* MapKit.framework */,
				A09943E3189BDA4F00782AEE /* CoreLocation.framework */,
				A05CC07E18968BAA00C0D562 /* AzureSDK-iOS */,
				A01E2A7F18924BD900C84F01 /* FacebookSDK.framework */,
				A01E2A4618924AA400C84F01 /* Foundation.framework */,
				A01E2A4818924AA400C84F01 /* CoreGraphics.framework */,
				A01E2A4A18924AA400C84F01 /* UIKit.framework */,
				A01E2A6518924AA400C84F01 /* XCTest.framework */,
			);
			name = Frameworks;
			sourceTree = "<group>";
		};
		A01E2A4C18924AA400C84F01 /* FOVE */ = {
			isa = PBXGroup;
			children = (
				A0B6CD071897F31300AFC61C /* FoveStoryboard.storyboard */,
				A02EFD2C189FEC69001E5516 /* View */,
				A029C71C189E2B2800B167C7 /* Model */,
				A029C71D189E2B4400B167C7 /* Controller */,
				A0212FCF18A5EE9D00B8B0A2 /* Utilities */,
				A01E2A5518924AA400C84F01 /* FVAppDelegate.h */,
				A01E2A5618924AA400C84F01 /* FVAppDelegate.m */,
				A01E2A5E18924AA400C84F01 /* Images.xcassets */,
				A01E2A4D18924AA400C84F01 /* Supporting Files */,
			);
			path = FOVE;
			sourceTree = "<group>";
		};
		A01E2A4D18924AA400C84F01 /* Supporting Files */ = {
			isa = PBXGroup;
			children = (
				A01E2A4E18924AA400C84F01 /* FOVE-Info.plist */,
				A01E2A4F18924AA400C84F01 /* InfoPlist.strings */,
				A01E2A5218924AA400C84F01 /* main.m */,
				A01E2A5418924AA400C84F01 /* FOVE-Prefix.pch */,
			);
			name = "Supporting Files";
			sourceTree = "<group>";
		};
		A0212FCF18A5EE9D00B8B0A2 /* Utilities */ = {
			isa = PBXGroup;
			children = (
				A0212FD018A5F36100B8B0A2 /* FVBlobStorageService.h */,
				A0212FD118A5F36100B8B0A2 /* FVBlobStorageService.m */,
			);
			name = Utilities;
			sourceTree = "<group>";
		};
		A029C71C189E2B2800B167C7 /* Model */ = {
			isa = PBXGroup;
			children = (
				A03C376D18AF542F001BA7E7 /* FVPostCard.h */,
				A03C376E18AF542F001BA7E7 /* FVPostCard.m */,
				A029C719189E2B1D00B167C7 /* FVUser.h */,
				A029C71A189E2B1D00B167C7 /* FVUser.m */,
				A01E3769189F6BC3001CCEBA /* FVMailbox.h */,
				A01E376A189F6BC3001CCEBA /* FVMailbox.m */,
				A02EFD29189FE8D8001E5516 /* FVMail.h */,
				A02EFD2A189FE8D8001E5516 /* FVMail.m */,
			);
			name = Model;
			sourceTree = "<group>";
		};
		A029C71D189E2B4400B167C7 /* Controller */ = {
			isa = PBXGroup;
			children = (
				A0B8360618B6116D005A35AC /* FVPostCardViewController.h */,
				A0B8360718B6116D005A35AC /* FVPostCardViewController.m */,
				A056F67218B0F1FF001C6987 /* FriendView */,
				A056F67618B0FA5A001C6987 /* ChatView */,
				A031413718B09A9B00CBF55F /* FVCreatePostCardViewController.h */,
				A031413818B09A9B00CBF55F /* FVCreatePostCardViewController.m */,
				A0212FCC18A5EE3F00B8B0A2 /* FVFeedViewController.h */,
				A0212FCD18A5EE3F00B8B0A2 /* FVFeedViewController.m */,
				A0E8717C189CE3F40093D98A /* FVCreateMailboxViewController.h */,
				A0E8717D189CE3F40093D98A /* FVCreateMailboxViewController.m */,
				A06856C4189CC967007F0015 /* FVMapViewController.h */,
				A06856C5189CC967007F0015 /* FVMapViewController.m */,
				A00D8813189E97D200DB57B4 /* FVMailboxViewController.h */,
				A00D8814189E97D200DB57B4 /* FVMailboxViewController.m */,
				A0B6CD0C1898093E00AFC61C /* FVSettingViewController.h */,
				A0B6CD0D1898093E00AFC61C /* FVSettingViewController.m */,
				A04ACB15189749AC00587F34 /* FVProfileViewController.h */,
				A04ACB16189749AC00587F34 /* FVProfileViewController.m */,
				A056F67318B0F8F2001C6987 /* FVindexTabBarController.h */,
				A056F67418B0F8F2001C6987 /* FVindexTabBarController.m */,
				A01E2A5B18924AA400C84F01 /* FVViewController.h */,
				A01E2A5C18924AA400C84F01 /* FVViewController.m */,
			);
			name = Controller;
			sourceTree = "<group>";
		};
		A02EFD2C189FEC69001E5516 /* View */ = {
			isa = PBXGroup;
			children = (
				A02EFD2D189FECBD001E5516 /* FVMailboxAnnotation.h */,
				A02EFD2E189FECBD001E5516 /* FVMailboxAnnotation.m */,
				A03D0C9618A91611006BF805 /* FVMediaPlayerView.h */,
				A03D0C9718A91611006BF805 /* FVMediaPlayerView.m */,
				A03C377C18AF6A4A001BA7E7 /* FVPostCardView */,
				A03C377D18AF7419001BA7E7 /* FVPostCardScrollView */,
				A04E95C118B4FDFB006F5B41 /* FVCreatePostCardView */,
			);
			name = View;
			sourceTree = "<group>";
		};
		A03C377C18AF6A4A001BA7E7 /* FVPostCardView */ = {
			isa = PBXGroup;
			children = (
				A03C377918AF67B4001BA7E7 /* FVPostCardView.h */,
				A03C377A18AF67B4001BA7E7 /* FVPostCardView.m */,
				A0C2BBF918AE5CA100956797 /* FVPostCardPortraitView.h */,
				A0C2BBFA18AE5CA100956797 /* FVPostCardPortraitView.m */,
				A03C377618AF6320001BA7E7 /* FVPostCardLandScapeView.h */,
				A03C377718AF6320001BA7E7 /* FVPostCardLandScapeView.m */,
			);
			name = FVPostCardView;
			sourceTree = "<group>";
		};
		A03C377D18AF7419001BA7E7 /* FVPostCardScrollView */ = {
			isa = PBXGroup;
			children = (
				A03C376A18AF53A6001BA7E7 /* FVPostCardScrollViewPortrait.h */,
				A03C376B18AF53A6001BA7E7 /* FVPostCardScrollViewPortrait.m */,
				A03C377018AF5EFC001BA7E7 /* FVPostCardScrollViewLandScape.h */,
				A03C377118AF5EFC001BA7E7 /* FVPostCardScrollViewLandScape.m */,
			);
			name = FVPostCardScrollView;
			sourceTree = "<group>";
		};
		A04E95C118B4FDFB006F5B41 /* FVCreatePostCardView */ = {
			isa = PBXGroup;
			children = (
				A031413A18B09B9900CBF55F /* FVCreatePostCardView.h */,
				A031413B18B09B9900CBF55F /* FVCreatePostCardView.m */,
			);
			name = FVCreatePostCardView;
			sourceTree = "<group>";
		};
		A056F67218B0F1FF001C6987 /* FriendView */ = {
			isa = PBXGroup;
			children = (
				A0251A0618A9F622005A6536 /* FVFriendSegmentedViewController.h */,
				A0251A0718A9F622005A6536 /* FVFriendSegmentedViewController.m */,
				A01A272A18B78E1000524C99 /* Friend */,
				A01A272B18B78E1A00524C99 /* Gallery */,
			);
			name = FriendView;
			sourceTree = "<group>";
		};
		A056F67618B0FA5A001C6987 /* ChatView */ = {
			isa = PBXGroup;
			children = (
				A086301818AA6EB900D2BC4D /* FVChatViewController.h */,
				A086301918AA6EB900D2BC4D /* FVChatViewController.m */,
			);
			name = ChatView;
			sourceTree = "<group>";
		};
		A05CC07E18968BAA00C0D562 /* AzureSDK-iOS */ = {
			isa = PBXGroup;
			children = (
				A05CC07F18968BAA00C0D562 /* WindowsAzureMessaging.framework */,
				A05CC08018968BAA00C0D562 /* WindowsAzureMobileServices.framework */,
			);
			path = "AzureSDK-iOS";
			sourceTree = "<group>";
		};
/* End PBXGroup section */

/* Begin PBXNativeTarget section */
		A01E2A4218924AA400C84F01 /* FOVE */ = {
			isa = PBXNativeTarget;
			buildConfigurationList = A01E2A7518924AA400C84F01 /* Build configuration list for PBXNativeTarget "FOVE" */;
			buildPhases = (
				A01E2A3F18924AA400C84F01 /* Sources */,
				A01E2A4018924AA400C84F01 /* Frameworks */,
				A01E2A4118924AA400C84F01 /* Resources */,
			);
			buildRules = (
			);
			dependencies = (
			);
			name = FOVE;
			productName = FOVE;
			productReference = A01E2A4318924AA400C84F01 /* FOVE.app */;
			productType = "com.apple.product-type.application";
		};
/* End PBXNativeTarget section */

/* Begin PBXProject section */
		A01E2A3B18924AA400C84F01 /* Project object */ = {
			isa = PBXProject;
			attributes = {
				CLASSPREFIX = FV;
				LastUpgradeCheck = 0500;
				ORGANIZATIONNAME = "Nutchaphon Rewik";
				TargetAttributes = {
					A01E2A4218924AA400C84F01 = {
						SystemCapabilities = {
							com.apple.iOS = {
								enabled = 0;
							};
						};
					};
				};
			};
			buildConfigurationList = A01E2A3E18924AA400C84F01 /* Build configuration list for PBXProject "FOVE" */;
			compatibilityVersion = "Xcode 3.2";
			developmentRegion = English;
			hasScannedForEncodings = 0;
			knownRegions = (
				en,
				Base,
			);
			mainGroup = A01E2A3A18924AA400C84F01;
			productRefGroup = A01E2A4418924AA400C84F01 /* Products */;
			projectDirPath = "";
			projectRoot = "";
			targets = (
				A01E2A4218924AA400C84F01 /* FOVE */,
			);
		};
/* End PBXProject section */

/* Begin PBXResourcesBuildPhase section */
		A01E2A4118924AA400C84F01 /* Resources */ = {
			isa = PBXResourcesBuildPhase;
			buildActionMask = 2147483647;
			files = (
				A01E2A5F18924AA400C84F01 /* Images.xcassets in Resources */,
				A0B6CD081897F31300AFC61C /* FoveStoryboard.storyboard in Resources */,
				A01E2A5118924AA400C84F01 /* InfoPlist.strings in Resources */,
			);
			runOnlyForDeploymentPostprocessing = 0;
		};
/* End PBXResourcesBuildPhase section */

/* Begin PBXSourcesBuildPhase section */
		A01E2A3F18924AA400C84F01 /* Sources */ = {
			isa = PBXSourcesBuildPhase;
			buildActionMask = 2147483647;
			files = (
				A01E376B189F6BC3001CCEBA /* FVMailbox.m in Sources */,
				A04ACB17189749AC00587F34 /* FVProfileViewController.m in Sources */,
				A03D0C9818A91611006BF805 /* FVMediaPlayerView.m in Sources */,
				A02D675D18BA4285005E1EF4 /* FVGalleryViewController.m in Sources */,
				A0212FD218A5F36100B8B0A2 /* FVBlobStorageService.m in Sources */,
				A056F66E18B0F1D0001C6987 /* FVFriendViewController.m in Sources */,
				A0B8360818B6116D005A35AC /* FVPostCardViewController.m in Sources */,
				A0212FCE18A5EE3F00B8B0A2 /* FVFeedViewController.m in Sources */,
				A06856C6189CC967007F0015 /* FVMapViewController.m in Sources */,
				A02D676018BA4421005E1EF4 /* FVGalleryViewCell.m in Sources */,
				A0C2BBFB18AE5CA100956797 /* FVPostCardPortraitView.m in Sources */,
				A03C377818AF6320001BA7E7 /* FVPostCardLandScapeView.m in Sources */,
				A0251A0818A9F622005A6536 /* FVFriendSegmentedViewController.m in Sources */,
				A02EFD2F189FECBD001E5516 /* FVMailboxAnnotation.m in Sources */,
				A086301A18AA6EB900D2BC4D /* FVChatViewController.m in Sources */,
				A056F67518B0F8F2001C6987 /* FVindexTabBarController.m in Sources */,
				A01A272918B78DAC00524C99 /* FVFriendCollectionViewCell.m in Sources */,
				A02EFD2B189FE8D8001E5516 /* FVMail.m in Sources */,
				A03C376F18AF542F001BA7E7 /* FVPostCard.m in Sources */,
				A01E2A5718924AA400C84F01 /* FVAppDelegate.m in Sources */,
				A03C377218AF5EFC001BA7E7 /* FVPostCardScrollViewLandScape.m in Sources */,
				A01E2A5318924AA400C84F01 /* main.m in Sources */,
				A031413C18B09B9900CBF55F /* FVCreatePostCardView.m in Sources */,
				A01E2A5D18924AA400C84F01 /* FVViewController.m in Sources */,
				A03C377B18AF67B4001BA7E7 /* FVPostCardView.m in Sources */,
				A00D8815189E97D200DB57B4 /* FVMailboxViewController.m in Sources */,
				A03C376C18AF53A6001BA7E7 /* FVPostCardScrollViewPortrait.m in Sources */,
				A0B6CD0E1898093E00AFC61C /* FVSettingViewController.m in Sources */,
				A029C71B189E2B1D00B167C7 /* FVUser.m in Sources */,
				A0E8717E189CE3F40093D98A /* FVCreateMailboxViewController.m in Sources */,
				A031413918B09A9B00CBF55F /* FVCreatePostCardViewController.m in Sources */,
			);
			runOnlyForDeploymentPostprocessing = 0;
		};
/* End PBXSourcesBuildPhase section */

/* Begin PBXVariantGroup section */
		A01E2A4F18924AA400C84F01 /* InfoPlist.strings */ = {
			isa = PBXVariantGroup;
			children = (
				A01E2A5018924AA400C84F01 /* en */,
			);
			name = InfoPlist.strings;
			sourceTree = "<group>";
		};
/* End PBXVariantGroup section */

/* Begin XCBuildConfiguration section */
		A01E2A7318924AA400C84F01 /* Debug */ = {
			isa = XCBuildConfiguration;
			buildSettings = {
				ALWAYS_SEARCH_USER_PATHS = NO;
				ARCHS = "$(ARCHS_STANDARD_INCLUDING_64_BIT)";
				CLANG_CXX_LANGUAGE_STANDARD = "gnu++0x";
				CLANG_CXX_LIBRARY = "libc++";
				CLANG_ENABLE_MODULES = YES;
				CLANG_ENABLE_OBJC_ARC = YES;
				CLANG_WARN_BOOL_CONVERSION = YES;
				CLANG_WARN_CONSTANT_CONVERSION = YES;
				CLANG_WARN_DIRECT_OBJC_ISA_USAGE = YES_ERROR;
				CLANG_WARN_EMPTY_BODY = YES;
				CLANG_WARN_ENUM_CONVERSION = YES;
				CLANG_WARN_INT_CONVERSION = YES;
				CLANG_WARN_OBJC_ROOT_CLASS = YES_ERROR;
				CLANG_WARN__DUPLICATE_METHOD_MATCH = YES;
				"CODE_SIGN_IDENTITY[sdk=iphoneos*]" = "iPhone Developer";
				COPY_PHASE_STRIP = NO;
				GCC_C_LANGUAGE_STANDARD = gnu99;
				GCC_DYNAMIC_NO_PIC = NO;
				GCC_OPTIMIZATION_LEVEL = 0;
				GCC_PREPROCESSOR_DEFINITIONS = (
					"DEBUG=1",
					"$(inherited)",
				);
				GCC_SYMBOLS_PRIVATE_EXTERN = NO;
				GCC_WARN_64_TO_32_BIT_CONVERSION = YES;
				GCC_WARN_ABOUT_RETURN_TYPE = YES_ERROR;
				GCC_WARN_UNDECLARED_SELECTOR = YES;
				GCC_WARN_UNINITIALIZED_AUTOS = YES;
				GCC_WARN_UNUSED_FUNCTION = YES;
				GCC_WARN_UNUSED_VARIABLE = YES;
				IPHONEOS_DEPLOYMENT_TARGET = 7.0;
				ONLY_ACTIVE_ARCH = YES;
				SDKROOT = iphoneos;
				TARGETED_DEVICE_FAMILY = 2;
			};
			name = Debug;
		};
		A01E2A7418924AA400C84F01 /* Release */ = {
			isa = XCBuildConfiguration;
			buildSettings = {
				ALWAYS_SEARCH_USER_PATHS = NO;
				ARCHS = "$(ARCHS_STANDARD_INCLUDING_64_BIT)";
				CLANG_CXX_LANGUAGE_STANDARD = "gnu++0x";
				CLANG_CXX_LIBRARY = "libc++";
				CLANG_ENABLE_MODULES = YES;
				CLANG_ENABLE_OBJC_ARC = YES;
				CLANG_WARN_BOOL_CONVERSION = YES;
				CLANG_WARN_CONSTANT_CONVERSION = YES;
				CLANG_WARN_DIRECT_OBJC_ISA_USAGE = YES_ERROR;
				CLANG_WARN_EMPTY_BODY = YES;
				CLANG_WARN_ENUM_CONVERSION = YES;
				CLANG_WARN_INT_CONVERSION = YES;
				CLANG_WARN_OBJC_ROOT_CLASS = YES_ERROR;
				CLANG_WARN__DUPLICATE_METHOD_MATCH = YES;
				"CODE_SIGN_IDENTITY[sdk=iphoneos*]" = "iPhone Developer";
				COPY_PHASE_STRIP = YES;
				ENABLE_NS_ASSERTIONS = NO;
				GCC_C_LANGUAGE_STANDARD = gnu99;
				GCC_WARN_64_TO_32_BIT_CONVERSION = YES;
				GCC_WARN_ABOUT_RETURN_TYPE = YES_ERROR;
				GCC_WARN_UNDECLARED_SELECTOR = YES;
				GCC_WARN_UNINITIALIZED_AUTOS = YES;
				GCC_WARN_UNUSED_FUNCTION = YES;
				GCC_WARN_UNUSED_VARIABLE = YES;
				IPHONEOS_DEPLOYMENT_TARGET = 7.0;
				SDKROOT = iphoneos;
				TARGETED_DEVICE_FAMILY = 2;
				VALIDATE_PRODUCT = YES;
			};
			name = Release;
		};
		A01E2A7618924AA400C84F01 /* Debug */ = {
			isa = XCBuildConfiguration;
			buildSettings = {
				ASSETCATALOG_COMPILER_APPICON_NAME = AppIcon;
				ASSETCATALOG_COMPILER_LAUNCHIMAGE_NAME = LaunchImage;
				FRAMEWORK_SEARCH_PATHS = (
					"$(inherited)",
					/Users/nRewik/Documents/FacebookSDK,
					"/Users/nRewik/Developer/iOS\\ Project/Fove/FOVE/AzureSDK-iOS",
					"$(DEVELOPER_FRAMEWORKS_DIR)",
				);
				GCC_PRECOMPILE_PREFIX_HEADER = YES;
				GCC_PREFIX_HEADER = "FOVE/FOVE-Prefix.pch";
				INFOPLIST_FILE = "FOVE/FOVE-Info.plist";
				IPHONEOS_DEPLOYMENT_TARGET = 7.0;
				PRODUCT_NAME = "$(TARGET_NAME)";
				RUN_CLANG_STATIC_ANALYZER = NO;
				TARGETED_DEVICE_FAMILY = 1;
				WRAPPER_EXTENSION = app;
			};
			name = Debug;
		};
		A01E2A7718924AA400C84F01 /* Release */ = {
			isa = XCBuildConfiguration;
			buildSettings = {
				ASSETCATALOG_COMPILER_APPICON_NAME = AppIcon;
				ASSETCATALOG_COMPILER_LAUNCHIMAGE_NAME = LaunchImage;
				FRAMEWORK_SEARCH_PATHS = (
					"$(inherited)",
					/Users/nRewik/Documents/FacebookSDK,
					"/Users/nRewik/Developer/iOS\\ Project/Fove/FOVE/AzureSDK-iOS",
					"$(DEVELOPER_FRAMEWORKS_DIR)",
				);
				GCC_PRECOMPILE_PREFIX_HEADER = YES;
				GCC_PREFIX_HEADER = "FOVE/FOVE-Prefix.pch";
				INFOPLIST_FILE = "FOVE/FOVE-Info.plist";
				IPHONEOS_DEPLOYMENT_TARGET = 7.0;
				PRODUCT_NAME = "$(TARGET_NAME)";
				RUN_CLANG_STATIC_ANALYZER = NO;
				TARGETED_DEVICE_FAMILY = 1;
				WRAPPER_EXTENSION = app;
			};
			name = Release;
		};
/* End XCBuildConfiguration section */

/* Begin XCConfigurationList section */
		A01E2A3E18924AA400C84F01 /* Build configuration list for PBXProject "FOVE" */ = {
			isa = XCConfigurationList;
			buildConfigurations = (
				A01E2A7318924AA400C84F01 /* Debug */,
				A01E2A7418924AA400C84F01 /* Release */,
			);
			defaultConfigurationIsVisible = 0;
			defaultConfigurationName = Release;
		};
		A01E2A7518924AA400C84F01 /* Build configuration list for PBXNativeTarget "FOVE" */ = {
			isa = XCConfigurationList;
			buildConfigurations = (
				A01E2A7618924AA400C84F01 /* Debug */,
				A01E2A7718924AA400C84F01 /* Release */,
			);
			defaultConfigurationIsVisible = 0;
			defaultConfigurationName = Release;
		};
/* End XCConfigurationList section */
	};
	rootObject = A01E2A3B18924AA400C84F01 /* Project object */;
}
